hash: 4e9672b36e464659069e80f3189138bde8e9565a7988a7479cc60295bab36542
updated: 2016-05-20T16:16:16.480050168-04:00
imports:
- name: github.com/ernesto-jimenez/httplogger
  version: 86cc44f6150a7e9dca8586e425a9c73e71f8ae7d
- name: github.com/pkg/errors
  version: f85d45fecf0c92c382e731cb03f481957e2ccdd1
- name: github.com/stretchr/testify
  version: f390dcf405f7b83c997eac1b06768bb9f44dec18
- name: github.com/t11e/go-pebbleclient
  version: 76e81212c7fbfc06a538da87cdde1f36138c3379
- name: golang.org/x/net
  version: 8a52c78636f6b7be1b1e5cb58b01a85f1e082659
  subpackages:
  - context
  - context/ctxhttp
devImports: []
